
Microsoft Visual Studio Solution File, Format Version 12.00
# Visual Studio Version 16
VisualStudioVersion = 16.0.30907.101
MinimumVisualStudioVersion = 10.0.40219.1
Project("{9A19103F-16F7-4668-BE54-9A1E7A4F7556}") = "DelegateTutorial", "DelegateTutorial\DelegateTutorial.csproj", "{CBE2BFFA-E50F-4EB4-B127-EFF1CA9A663D}"
EndProject
Project("{9A19103F-16F7-4668-BE54-9A1E7A4F7556}") = "LinqTutorial", "LinqExpression\LinqTutorial.csproj", "{3C8275AB-B0F3-4781-89C9-9415E6F6CC21}"
EndProject
Project("{FAE04EC0-301F-11D3-BF4B-00C04F79EFBC}") = "WattsLoan1", "WattsLoan1\WattsLoan1.csproj", "{10D4B109-01D7-4AFA-A17A-2E0AEA8D95B9}"
EndProject
Global
	GlobalSection(SolutionConfigurationPlatforms) = preSolution
		Debug|Any CPU = Debug|Any CPU
		Release|Any CPU = Release|Any CPU
	EndGlobalSection
	GlobalSection(ProjectConfigurationPlatforms) = postSolution
		{CBE2BFFA-E50F-4EB4-B127-EFF1CA9A663D}.Debug|Any CPU.ActiveCfg = Debug|Any CPU
		{CBE2BFFA-E50F-4EB4-B127-EFF1CA9A663D}.Debug|Any CPU.Build.0 = Debug|Any CPU
		{CBE2BFFA-E50F-4EB4-B127-EFF1CA9A663D}.Release|Any CPU.ActiveCfg = Release|Any CPU
		{CBE2BFFA-E50F-4EB4-B127-EFF1CA9A663D}.Release|Any CPU.Build.0 = Release|Any CPU
		{3C8275AB-B0F3-4781-89C9-9415E6F6CC21}.Debug|Any CPU.ActiveCfg = Debug|Any CPU
		{3C8275AB-B0F3-4781-89C9-9415E6F6CC21}.Debug|Any CPU.Build.0 = Debug|Any CPU
		{3C8275AB-B0F3-4781-89C9-9415E6F6CC21}.Release|Any CPU.ActiveCfg = Release|Any CPU
		{3C8275AB-B0F3-4781-89C9-9415E6F6CC21}.Release|Any CPU.Build.0 = Release|Any CPU
		{10D4B109-01D7-4AFA-A17A-2E0AEA8D95B9}.Debug|Any CPU.ActiveCfg = Debug|Any CPU
		{10D4B109-01D7-4AFA-A17A-2E0AEA8D95B9}.Debug|Any CPU.Build.0 = Debug|Any CPU
		{10D4B109-01D7-4AFA-A17A-2E0AEA8D95B9}.Release|Any CPU.ActiveCfg = Release|Any CPU
		{10D4B109-01D7-4AFA-A17A-2E0AEA8D95B9}.Release|Any CPU.Build.0 = Release|Any CPU
	EndGlobalSection
	GlobalSection(SolutionProperties) = preSolution
		HideSolutionNode = FALSE
	EndGlobalSection
	GlobalSection(ExtensibilityGlobals) = postSolution
		SolutionGuid = {D30457B9-AFCE-4C5A-A390-58FDE8BE9903}
	EndGlobalSection
EndGlobal
